<?xml version="1.0" encoding="utf-8"?>
<Project ToolsVersion="4.0" xmlns="http://schemas.microsoft.com/developer/msbuild/2003">
  <ItemGroup>
    <ClCompile Include="source\DebugModule\Widgets\DataAssetEditor.cpp" />
    <ClCompile Include="source\QuadMVP.cpp" />
    <ClCompile Include="source\App.cpp" />
    <ClCompile Include="source\DebugModule\DebugSystem.cpp" />
    <ClCompile Include="source\DebugModule\DebugWindowBase.cpp" />
    <ClCompile Include="source\DebugModule\Widgets\CameraEditor.cpp" />
    <ClCompile Include="source\DebugModule\Widgets\QuadEditor.cpp" />
    <ClCompile Include="source\Quad.cpp" />
    <ClCompile Include="source\Shader\Shader.cpp" />
    <ClCompile Include="source\main.cpp" />
    <ClCompile Include="source\Window\FluidSimulatorWindow.cpp" />
    <ClCompile Include="source\Shader\ComputeShader.cpp" />
    <ClCompile Include="source\Window\Window.cpp" />
    <ClCompile Include="source\Texture.cpp" />
    <ClCompile Include="source\DebugModule\Widgets\ParticleSystemEditor.cpp" />
    <ClCompile Include="source\DebugModule\Widgets\ImguiDemoWindow.cpp" />
    <ClCompile Include="source\FluidSimulator\FluidSimulator.cpp" />
    <ClCompile Include="source\ParticleSystem\Particle.cpp" />
    <ClCompile Include="source\ParticleSystem\ParticleSystem.cpp" />
    <ClCompile Include="source\DebugModule\Widgets\PaintWindow.cpp" />
  </ItemGroup>
  <ItemGroup>
    <ClInclude Include="source\DebugModule\Widgets\DataAssetEditor.h" />
    <ClInclude Include="source\Window\FluidSimulatorWindow.h" />
    <ClInclude Include="source\DebugModule\Widgets\ParticleSystemEditor.h" />
    <ClInclude Include="source\DebugModule\Widgets\ImguiDemoWindow.h" />
    <ClInclude Include="source\ParticleSystem\Particle.h" />
    <ClInclude Include="source\ParticleSystem\ParticleSystem.h" />
    <ClInclude Include="source\Shader\ComputeShader.h" />
    <ClInclude Include="source\Shader\Shader.h" />
    <ClInclude Include="source\Window\Window.h" />
    <ClInclude Include="source\FluidSimulator\FluidSimulator.h" />
    <ClInclude Include="source\QuadMVP.h" />
    <ClInclude Include="source\App.h" />
    <ClInclude Include="source\Camera.h" />
    <ClInclude Include="source\DebugModule\DebugSystem.h" />
    <ClInclude Include="source\DebugModule\DebugWindowBase.h" />
    <ClInclude Include="source\DebugModule\Widgets\CameraEditor.h" />
    <ClInclude Include="source\DebugModule\Widgets\QuadEditor.h" />
    <ClInclude Include="source\Quad.h" />
    <ClInclude Include="source\Texture.h" />
    <ClInclude Include="source\Transform.h" />
    <ClInclude Include="source\DebugModule\Widgets\PaintWindow.h" />
  </ItemGroup>
  <ItemGroup>
    <None Include="res\shaders\basic.frag" />
    <None Include="res\shaders\basic.vs" />
  </ItemGroup>
</Project>